
Microsoft Visual Studio Solution File, Format Version 12.00
# Visual Studio Version 17
VisualStudioVersion = 17.13.35919.96 d17.13
MinimumVisualStudioVersion = 10.0.40219.1
Project("{FAE04EC0-301F-11D3-BF4B-00C04F79EFBC}") = "Laboratory Activity 32", "Laboratory Activity 32.csproj", "{73644BDA-91DB-4894-A926-6AD00C8F10B8}"
EndProject
Global
	GlobalSection(SolutionConfigurationPlatforms) = preSolution
		Debug|Any CPU = Debug|Any CPU
		Release|Any CPU = Release|Any CPU
	EndGlobalSection
	GlobalSection(ProjectConfigurationPlatforms) = postSolution
		{73644BDA-91DB-4894-A926-6AD00C8F10B8}.Debug|Any CPU.ActiveCfg = Debug|Any CPU
		{73644BDA-91DB-4894-A926-6AD00C8F10B8}.Debug|Any CPU.Build.0 = Debug|Any CPU
		{73644BDA-91DB-4894-A926-6AD00C8F10B8}.Release|Any CPU.ActiveCfg = Release|Any CPU
		{73644BDA-91DB-4894-A926-6AD00C8F10B8}.Release|Any CPU.Build.0 = Release|Any CPU
	EndGlobalSection
	GlobalSection(SolutionProperties) = preSolution
		HideSolutionNode = FALSE
	EndGlobalSection
	GlobalSection(ExtensibilityGlobals) = postSolution
		SolutionGuid = {BC70CAD8-1771-4437-908A-A3F8E1CE37DE}
	EndGlobalSection
EndGlobal
